
Microsoft Visual Studio Solution File, Format Version 12.00
# Visual Studio Version 17
VisualStudioVersion = 17.0.31912.275
MinimumVisualStudioVersion = 10.0.40219.1
Project("{FAE04EC0-301F-11D3-BF4B-00C04F79EFBC}") = "ProteCR", "ProteCR.csproj", "{0CA4C229-1EF0-4C74-8B5D-0D454A035883}"
EndProject
Global
	GlobalSection(SolutionConfigurationPlatforms) = preSolution
		Debug|Any CPU = Debug|Any CPU
		Release|Any CPU = Release|Any CPU
	EndGlobalSection
	GlobalSection(ProjectConfigurationPlatforms) = postSolution
		{0CA4C229-1EF0-4C74-8B5D-0D454A035883}.Debug|Any CPU.ActiveCfg = Debug|Any CPU
		{0CA4C229-1EF0-4C74-8B5D-0D454A035883}.Debug|Any CPU.Build.0 = Debug|Any CPU
		{0CA4C229-1EF0-4C74-8B5D-0D454A035883}.Release|Any CPU.ActiveCfg = Release|Any CPU
		{0CA4C229-1EF0-4C74-8B5D-0D454A035883}.Release|Any CPU.Build.0 = Release|Any CPU
	EndGlobalSection
	GlobalSection(SolutionProperties) = preSolution
		HideSolutionNode = FALSE
	EndGlobalSection
	GlobalSection(ExtensibilityGlobals) = postSolution
		SolutionGuid = {412337F7-1798-4FFB-8D40-658343815DBC}
	EndGlobalSection
EndGlobal
